
Microsoft Visual Studio Solution File, Format Version 12.00
# Visual Studio 15
VisualStudioVersion = 15.0.26730.8
MinimumVisualStudioVersion = 10.0.40219.1
Project("{FAE04EC0-301F-11D3-BF4B-00C04F79EFBC}") = "MoreDataBinding.Android", "MoreDataBinding\MoreDataBinding.Android\MoreDataBinding.Android.csproj", "{707BA620-3D07-49A4-9AE6-3741639C5377}"
EndProject
Project("{FAE04EC0-301F-11D3-BF4B-00C04F79EFBC}") = "MoreDataBinding", "MoreDataBinding\MoreDataBinding\MoreDataBinding.csproj", "{83ABCC3F-B8D5-4F7E-ABE3-5AF27780BDBB}"
EndProject
Project("{FAE04EC0-301F-11D3-BF4B-00C04F79EFBC}") = "MoreDataBinding.UWP", "MoreDataBinding\MoreDataBinding.UWP\MoreDataBinding.UWP.csproj", "{A193CC40-9419-4423-89EB-1027C4AD0398}"
EndProject
Project("{FAE04EC0-301F-11D3-BF4B-00C04F79EFBC}") = "MoreDataBinding.iOS", "MoreDataBinding\MoreDataBinding.iOS\MoreDataBinding.iOS.csproj", "{4C8914E3-4F9D-4D78-853D-A61199E445C6}"
EndProject
Global
	GlobalSection(SolutionConfigurationPlatforms) = preSolution
		Ad-Hoc|Any CPU = Ad-Hoc|Any CPU
		Ad-Hoc|ARM = Ad-Hoc|ARM
		Ad-Hoc|iPhone = Ad-Hoc|iPhone
		Ad-Hoc|iPhoneSimulator = Ad-Hoc|iPhoneSimulator
		Ad-Hoc|x64 = Ad-Hoc|x64
		Ad-Hoc|x86 = Ad-Hoc|x86
		AppStore|Any CPU = AppStore|Any CPU
		AppStore|ARM = AppStore|ARM
		AppStore|iPhone = AppStore|iPhone
		AppStore|iPhoneSimulator = AppStore|iPhoneSimulator
		AppStore|x64 = AppStore|x64
		AppStore|x86 = AppStore|x86
		Debug|Any CPU = Debug|Any CPU
		Debug|ARM = Debug|ARM
		Debug|iPhone = Debug|iPhone
		Debug|iPhoneSimulator = Debug|iPhoneSimulator
		Debug|x64 = Debug|x64
		Debug|x86 = Debug|x86
		Release|Any CPU = Release|Any CPU
		Release|ARM = Release|ARM
		Release|iPhone = Release|iPhone
		Release|iPhoneSimulator = Release|iPhoneSimulator
		Release|x64 = Release|x64
		Release|x86 = Release|x86
	EndGlobalSection
	GlobalSection(ProjectConfigurationPlatforms) = postSolution
		{707BA620-3D07-49A4-9AE6-3741639C5377}.Ad-Hoc|Any CPU.ActiveCfg = Release|Any CPU
		{707BA620-3D07-49A4-9AE6-3741639C5377}.Ad-Hoc|Any CPU.Build.0 = Release|Any CPU
		{707BA620-3D07-49A4-9AE6-3741639C5377}.Ad-Hoc|Any CPU.Deploy.0 = Release|Any CPU
		{707BA620-3D07-49A4-9AE6-3741639C5377}.Ad-Hoc|ARM.ActiveCfg = Release|Any CPU
		{707BA620-3D07-49A4-9AE6-3741639C5377}.Ad-Hoc|ARM.Build.0 = Release|Any CPU
		{707BA620-3D07-49A4-9AE6-3741639C5377}.Ad-Hoc|ARM.Deploy.0 = Release|Any CPU
		{707BA620-3D07-49A4-9AE6-3741639C5377}.Ad-Hoc|iPhone.ActiveCfg = Release|Any CPU
		{707BA620-3D07-49A4-9AE6-3741639C5377}.Ad-Hoc|iPhone.Build.0 = Release|Any CPU
		{707BA620-3D07-49A4-9AE6-3741639C5377}.Ad-Hoc|iPhone.Deploy.0 = Release|Any CPU
		{707BA620-3D07-49A4-9AE6-3741639C5377}.Ad-Hoc|iPhoneSimulator.ActiveCfg = Release|Any CPU
		{707BA620-3D07-49A4-9AE6-3741639C5377}.Ad-Hoc|iPhoneSimulator.Build.0 = Release|Any CPU
		{707BA620-3D07-49A4-9AE6-3741639C5377}.Ad-Hoc|iPhoneSimulator.Deploy.0 = Release|Any CPU
		{707BA620-3D07-49A4-9AE6-3741639C5377}.Ad-Hoc|x64.ActiveCfg = Release|Any CPU
		{707BA620-3D07-49A4-9AE6-3741639C5377}.Ad-Hoc|x64.Build.0 = Release|Any CPU
		{707BA620-3D07-49A4-9AE6-3741639C5377}.Ad-Hoc|x64.Deploy.0 = Release|Any CPU
		{707BA620-3D07-49A4-9AE6-3741639C5377}.Ad-Hoc|x86.ActiveCfg = Release|Any CPU
		{707BA620-3D07-49A4-9AE6-3741639C5377}.Ad-Hoc|x86.Build.0 = Release|Any CPU
		{707BA620-3D07-49A4-9AE6-3741639C5377}.Ad-Hoc|x86.Deploy.0 = Release|Any CPU
		{707BA620-3D07-49A4-9AE6-3741639C5377}.AppStore|Any CPU.ActiveCfg = Release|Any CPU
		{707BA620-3D07-49A4-9AE6-3741639C5377}.AppStore|Any CPU.Build.0 = Release|Any CPU
		{707BA620-3D07-49A4-9AE6-3741639C5377}.AppStore|Any CPU.Deploy.0 = Release|Any CPU
		{707BA620-3D07-49A4-9AE6-3741639C5377}.AppStore|ARM.ActiveCfg = Release|Any CPU
		{707BA620-3D07-49A4-9AE6-3741639C5377}.AppStore|ARM.Build.0 = Release|Any CPU
		{707BA620-3D07-49A4-9AE6-3741639C5377}.AppStore|ARM.Deploy.0 = Release|Any CPU
		{707BA620-3D07-49A4-9AE6-3741639C5377}.AppStore|iPhone.ActiveCfg = Release|Any CPU
		{707BA620-3D07-49A4-9AE6-3741639C5377}.AppStore|iPhone.Build.0 = Release|Any CPU
		{707BA620-3D07-49A4-9AE6-3741639C5377}.AppStore|iPhone.Deploy.0 = Release|Any CPU
		{707BA620-3D07-49A4-9AE6-3741639C5377}.AppStore|iPhoneSimulator.ActiveCfg = Release|Any CPU
		{707BA620-3D07-49A4-9AE6-3741639C5377}.AppStore|iPhoneSimulator.Build.0 = Release|Any CPU
		{707BA620-3D07-49A4-9AE6-3741639C5377}.AppStore|iPhoneSimulator.Deploy.0 = Release|Any CPU
		{707BA620-3D07-49A4-9AE6-3741639C5377}.AppStore|x64.ActiveCfg = Release|Any CPU
		{707BA620-3D07-49A4-9AE6-3741639C5377}.AppStore|x64.Build.0 = Release|Any CPU
		{707BA620-3D07-49A4-9AE6-3741639C5377}.AppStore|x64.Deploy.0 = Release|Any CPU
		{707BA620-3D07-49A4-9AE6-3741639C5377}.AppStore|x86.ActiveCfg = Release|Any CPU
		{707BA620-3D07-49A4-9AE6-3741639C5377}.AppStore|x86.Build.0 = Release|Any CPU
		{707BA620-3D07-49A4-9AE6-3741639C5377}.AppStore|x86.Deploy.0 = Release|Any CPU
		{707BA620-3D07-49A4-9AE6-3741639C5377}.Debug|Any CPU.ActiveCfg = Debug|Any CPU
		{707BA620-3D07-49A4-9AE6-3741639C5377}.Debug|Any CPU.Build.0 = Debug|Any CPU
		{707BA620-3D07-49A4-9AE6-3741639C5377}.Debug|Any CPU.Deploy.0 = Debug|Any CPU
		{707BA620-3D07-49A4-9AE6-3741639C5377}.Debug|ARM.ActiveCfg = Debug|Any CPU
		{707BA620-3D07-49A4-9AE6-3741639C5377}.Debug|ARM.Build.0 = Debug|Any CPU
		{707BA620-3D07-49A4-9AE6-3741639C5377}.Debug|ARM.Deploy.0 = Debug|Any CPU
		{707BA620-3D07-49A4-9AE6-3741639C5377}.Debug|iPhone.ActiveCfg = Debug|Any CPU
		{707BA620-3D07-49A4-9AE6-3741639C5377}.Debug|iPhone.Build.0 = Debug|Any CPU
		{707BA620-3D07-49A4-9AE6-3741639C5377}.Debug|iPhone.Deploy.0 = Debug|Any CPU
		{707BA620-3D07-49A4-9AE6-3741639C5377}.Debug|iPhoneSimulator.ActiveCfg = Debug|Any CPU
		{707BA620-3D07-49A4-9AE6-3741639C5377}.Debug|iPhoneSimulator.Build.0 = Debug|Any CPU
		{707BA620-3D07-49A4-9AE6-3741639C5377}.Debug|iPhoneSimulator.Deploy.0 = Debug|Any CPU
		{707BA620-3D07-49A4-9AE6-3741639C5377}.Debug|x64.ActiveCfg = Debug|Any CPU
		{707BA620-3D07-49A4-9AE6-3741639C5377}.Debug|x64.Build.0 = Debug|Any CPU
		{707BA620-3D07-49A4-9AE6-3741639C5377}.Debug|x64.Deploy.0 = Debug|Any CPU
		{707BA620-3D07-49A4-9AE6-3741639C5377}.Debug|x86.ActiveCfg = Debug|Any CPU
		{707BA620-3D07-49A4-9AE6-3741639C5377}.Debug|x86.Build.0 = Debug|Any CPU
		{707BA620-3D07-49A4-9AE6-3741639C5377}.Debug|x86.Deploy.0 = Debug|Any CPU
		{707BA620-3D07-49A4-9AE6-3741639C5377}.Release|Any CPU.ActiveCfg = Release|Any CPU
		{707BA620-3D07-49A4-9AE6-3741639C5377}.Release|Any CPU.Build.0 = Release|Any CPU
		{707BA620-3D07-49A4-9AE6-3741639C5377}.Release|Any CPU.Deploy.0 = Release|Any CPU
		{707BA620-3D07-49A4-9AE6-3741639C5377}.Release|ARM.ActiveCfg = Release|Any CPU
		{707BA620-3D07-49A4-9AE6-3741639C5377}.Release|ARM.Build.0 = Release|Any CPU
		{707BA620-3D07-49A4-9AE6-3741639C5377}.Release|ARM.Deploy.0 = Release|Any CPU
		{707BA620-3D07-49A4-9AE6-3741639C5377}.Release|iPhone.ActiveCfg = Release|Any CPU
		{707BA620-3D07-49A4-9AE6-3741639C5377}.Release|iPhone.Build.0 = Release|Any CPU
		{707BA620-3D07-49A4-9AE6-3741639C5377}.Release|iPhone.Deploy.0 = Release|Any CPU
		{707BA620-3D07-49A4-9AE6-3741639C5377}.Release|iPhoneSimulator.ActiveCfg = Release|Any CPU
		{707BA620-3D07-49A4-9AE6-3741639C5377}.Release|iPhoneSimulator.Build.0 = Release|Any CPU
		{707BA620-3D07-49A4-9AE6-3741639C5377}.Release|iPhoneSimulator.Deploy.0 = Release|Any CPU
		{707BA620-3D07-49A4-9AE6-3741639C5377}.Release|x64.ActiveCfg = Release|Any CPU
		{707BA620-3D07-49A4-9AE6-3741639C5377}.Release|x64.Build.0 = Release|Any CPU
		{707BA620-3D07-49A4-9AE6-3741639C5377}.Release|x64.Deploy.0 = Release|Any CPU
		{707BA620-3D07-49A4-9AE6-3741639C5377}.Release|x86.ActiveCfg = Release|Any CPU
		{707BA620-3D07-49A4-9AE6-3741639C5377}.Release|x86.Build.0 = Release|Any CPU
		{707BA620-3D07-49A4-9AE6-3741639C5377}.Release|x86.Deploy.0 = Release|Any CPU
		{83ABCC3F-B8D5-4F7E-ABE3-5AF27780BDBB}.Ad-Hoc|Any CPU.ActiveCfg = Release|Any CPU
		{83ABCC3F-B8D5-4F7E-ABE3-5AF27780BDBB}.Ad-Hoc|Any CPU.Build.0 = Release|Any CPU
		{83ABCC3F-B8D5-4F7E-ABE3-5AF27780BDBB}.Ad-Hoc|ARM.ActiveCfg = Release|Any CPU
		{83ABCC3F-B8D5-4F7E-ABE3-5AF27780BDBB}.Ad-Hoc|ARM.Build.0 = Release|Any CPU
		{83ABCC3F-B8D5-4F7E-ABE3-5AF27780BDBB}.Ad-Hoc|iPhone.ActiveCfg = Release|Any CPU
		{83ABCC3F-B8D5-4F7E-ABE3-5AF27780BDBB}.Ad-Hoc|iPhone.Build.0 = Release|Any CPU
		{83ABCC3F-B8D5-4F7E-ABE3-5AF27780BDBB}.Ad-Hoc|iPhoneSimulator.ActiveCfg = Release|Any CPU
		{83ABCC3F-B8D5-4F7E-ABE3-5AF27780BDBB}.Ad-Hoc|iPhoneSimulator.Build.0 = Release|Any CPU
		{83ABCC3F-B8D5-4F7E-ABE3-5AF27780BDBB}.Ad-Hoc|x64.ActiveCfg = Release|Any CPU
		{83ABCC3F-B8D5-4F7E-ABE3-5AF27780BDBB}.Ad-Hoc|x64.Build.0 = Release|Any CPU
		{83ABCC3F-B8D5-4F7E-ABE3-5AF27780BDBB}.Ad-Hoc|x86.ActiveCfg = Release|Any CPU
		{83ABCC3F-B8D5-4F7E-ABE3-5AF27780BDBB}.Ad-Hoc|x86.Build.0 = Release|Any CPU
		{83ABCC3F-B8D5-4F7E-ABE3-5AF27780BDBB}.AppStore|Any CPU.ActiveCfg = Release|Any CPU
		{83ABCC3F-B8D5-4F7E-ABE3-5AF27780BDBB}.AppStore|Any CPU.Build.0 = Release|Any CPU
		{83ABCC3F-B8D5-4F7E-ABE3-5AF27780BDBB}.AppStore|ARM.ActiveCfg = Release|Any CPU
		{83ABCC3F-B8D5-4F7E-ABE3-5AF27780BDBB}.AppStore|ARM.Build.0 = Release|Any CPU
		{83ABCC3F-B8D5-4F7E-ABE3-5AF27780BDBB}.AppStore|iPhone.ActiveCfg = Release|Any CPU
		{83ABCC3F-B8D5-4F7E-ABE3-5AF27780BDBB}.AppStore|iPhone.Build.0 = Release|Any CPU
		{83ABCC3F-B8D5-4F7E-ABE3-5AF27780BDBB}.AppStore|iPhoneSimulator.ActiveCfg = Release|Any CPU
		{83ABCC3F-B8D5-4F7E-ABE3-5AF27780BDBB}.AppStore|iPhoneSimulator.Build.0 = Release|Any CPU
		{83ABCC3F-B8D5-4F7E-ABE3-5AF27780BDBB}.AppStore|x64.ActiveCfg = Release|Any CPU
		{83ABCC3F-B8D5-4F7E-ABE3-5AF27780BDBB}.AppStore|x64.Build.0 = Release|Any CPU
		{83ABCC3F-B8D5-4F7E-ABE3-5AF27780BDBB}.AppStore|x86.ActiveCfg = Release|Any CPU
		{83ABCC3F-B8D5-4F7E-ABE3-5AF27780BDBB}.AppStore|x86.Build.0 = Release|Any CPU
		{83ABCC3F-B8D5-4F7E-ABE3-5AF27780BDBB}.Debug|Any CPU.ActiveCfg = Debug|Any CPU
		{83ABCC3F-B8D5-4F7E-ABE3-5AF27780BDBB}.Debug|Any CPU.Build.0 = Debug|Any CPU
		{83ABCC3F-B8D5-4F7E-ABE3-5AF27780BDBB}.Debug|ARM.ActiveCfg = Debug|Any CPU
		{83ABCC3F-B8D5-4F7E-ABE3-5AF27780BDBB}.Debug|ARM.Build.0 = Debug|Any CPU
		{83ABCC3F-B8D5-4F7E-ABE3-5AF27780BDBB}.Debug|iPhone.ActiveCfg = Debug|Any CPU
		{83ABCC3F-B8D5-4F7E-ABE3-5AF27780BDBB}.Debug|iPhone.Build.0 = Debug|Any CPU
		{83ABCC3F-B8D5-4F7E-ABE3-5AF27780BDBB}.Debug|iPhoneSimulator.ActiveCfg = Debug|Any CPU
		{83ABCC3F-B8D5-4F7E-ABE3-5AF27780BDBB}.Debug|iPhoneSimulator.Build.0 = Debug|Any CPU
		{83ABCC3F-B8D5-4F7E-ABE3-5AF27780BDBB}.Debug|x64.ActiveCfg = Debug|Any CPU
		{83ABCC3F-B8D5-4F7E-ABE3-5AF27780BDBB}.Debug|x64.Build.0 = Debug|Any CPU
		{83ABCC3F-B8D5-4F7E-ABE3-5AF27780BDBB}.Debug|x86.ActiveCfg = Debug|Any CPU
		{83ABCC3F-B8D5-4F7E-ABE3-5AF27780BDBB}.Debug|x86.Build.0 = Debug|Any CPU
		{83ABCC3F-B8D5-4F7E-ABE3-5AF27780BDBB}.Release|Any CPU.ActiveCfg = Release|Any CPU
		{83ABCC3F-B8D5-4F7E-ABE3-5AF27780BDBB}.Release|Any CPU.Build.0 = Release|Any CPU
		{83ABCC3F-B8D5-4F7E-ABE3-5AF27780BDBB}.Release|ARM.ActiveCfg = Release|Any CPU
		{83ABCC3F-B8D5-4F7E-ABE3-5AF27780BDBB}.Release|ARM.Build.0 = Release|Any CPU
		{83ABCC3F-B8D5-4F7E-ABE3-5AF27780BDBB}.Release|iPhone.ActiveCfg = Release|Any CPU
		{83ABCC3F-B8D5-4F7E-ABE3-5AF27780BDBB}.Release|iPhone.Build.0 = Release|Any CPU
		{83ABCC3F-B8D5-4F7E-ABE3-5AF27780BDBB}.Release|iPhoneSimulator.ActiveCfg = Release|Any CPU
		{83ABCC3F-B8D5-4F7E-ABE3-5AF27780BDBB}.Release|iPhoneSimulator.Build.0 = Release|Any CPU
		{83ABCC3F-B8D5-4F7E-ABE3-5AF27780BDBB}.Release|x64.ActiveCfg = Release|Any CPU
		{83ABCC3F-B8D5-4F7E-ABE3-5AF27780BDBB}.Release|x64.Build.0 = Release|Any CPU
		{83ABCC3F-B8D5-4F7E-ABE3-5AF27780BDBB}.Release|x86.ActiveCfg = Release|Any CPU
		{83ABCC3F-B8D5-4F7E-ABE3-5AF27780BDBB}.Release|x86.Build.0 = Release|Any CPU
		{A193CC40-9419-4423-89EB-1027C4AD0398}.Ad-Hoc|Any CPU.ActiveCfg = Release|x86
		{A193CC40-9419-4423-89EB-1027C4AD0398}.Ad-Hoc|Any CPU.Build.0 = Release|x86
		{A193CC40-9419-4423-89EB-1027C4AD0398}.Ad-Hoc|Any CPU.Deploy.0 = Release|x86
		{A193CC40-9419-4423-89EB-1027C4AD0398}.Ad-Hoc|ARM.ActiveCfg = Release|ARM
		{A193CC40-9419-4423-89EB-1027C4AD0398}.Ad-Hoc|ARM.Build.0 = Release|ARM
		{A193CC40-9419-4423-89EB-1027C4AD0398}.Ad-Hoc|ARM.Deploy.0 = Release|ARM
		{A193CC40-9419-4423-89EB-1027C4AD0398}.Ad-Hoc|iPhone.ActiveCfg = Release|x86
		{A193CC40-9419-4423-89EB-1027C4AD0398}.Ad-Hoc|iPhone.Build.0 = Release|x86
		{A193CC40-9419-4423-89EB-1027C4AD0398}.Ad-Hoc|iPhone.Deploy.0 = Release|x86
		{A193CC40-9419-4423-89EB-1027C4AD0398}.Ad-Hoc|iPhoneSimulator.ActiveCfg = Release|x86
		{A193CC40-9419-4423-89EB-1027C4AD0398}.Ad-Hoc|iPhoneSimulator.Build.0 = Release|x86
		{A193CC40-9419-4423-89EB-1027C4AD0398}.Ad-Hoc|iPhoneSimulator.Deploy.0 = Release|x86
		{A193CC40-9419-4423-89EB-1027C4AD0398}.Ad-Hoc|x64.ActiveCfg = Release|x64
		{A193CC40-9419-4423-89EB-1027C4AD0398}.Ad-Hoc|x64.Build.0 = Release|x64
		{A193CC40-9419-4423-89EB-1027C4AD0398}.Ad-Hoc|x64.Deploy.0 = Release|x64
		{A193CC40-9419-4423-89EB-1027C4AD0398}.Ad-Hoc|x86.ActiveCfg = Release|x86
		{A193CC40-9419-4423-89EB-1027C4AD0398}.Ad-Hoc|x86.Build.0 = Release|x86
		{A193CC40-9419-4423-89EB-1027C4AD0398}.Ad-Hoc|x86.Deploy.0 = Release|x86
		{A193CC40-9419-4423-89EB-1027C4AD0398}.AppStore|Any CPU.ActiveCfg = Release|x86
		{A193CC40-9419-4423-89EB-1027C4AD0398}.AppStore|Any CPU.Build.0 = Release|x86
		{A193CC40-9419-4423-89EB-1027C4AD0398}.AppStore|Any CPU.Deploy.0 = Release|x86
		{A193CC40-9419-4423-89EB-1027C4AD0398}.AppStore|ARM.ActiveCfg = Release|ARM
		{A193CC40-9419-4423-89EB-1027C4AD0398}.AppStore|ARM.Build.0 = Release|ARM
		{A193CC40-9419-4423-89EB-1027C4AD0398}.AppStore|ARM.Deploy.0 = Release|ARM
		{A193CC40-9419-4423-89EB-1027C4AD0398}.AppStore|iPhone.ActiveCfg = Release|x86
		{A193CC40-9419-4423-89EB-1027C4AD0398}.AppStore|iPhone.Build.0 = Release|x86
		{A193CC40-9419-4423-89EB-1027C4AD0398}.AppStore|iPhone.Deploy.0 = Release|x86
		{A193CC40-9419-4423-89EB-1027C4AD0398}.AppStore|iPhoneSimulator.ActiveCfg = Release|x86
		{A193CC40-9419-4423-89EB-1027C4AD0398}.AppStore|iPhoneSimulator.Build.0 = Release|x86
		{A193CC40-9419-4423-89EB-1027C4AD0398}.AppStore|iPhoneSimulator.Deploy.0 = Release|x86
		{A193CC40-9419-4423-89EB-1027C4AD0398}.AppStore|x64.ActiveCfg = Release|x64
		{A193CC40-9419-4423-89EB-1027C4AD0398}.AppStore|x64.Build.0 = Release|x64
		{A193CC40-9419-4423-89EB-1027C4AD0398}.AppStore|x64.Deploy.0 = Release|x64
		{A193CC40-9419-4423-89EB-1027C4AD0398}.AppStore|x86.ActiveCfg = Release|x86
		{A193CC40-9419-4423-89EB-1027C4AD0398}.AppStore|x86.Build.0 = Release|x86
		{A193CC40-9419-4423-89EB-1027C4AD0398}.AppStore|x86.Deploy.0 = Release|x86
		{A193CC40-9419-4423-89EB-1027C4AD0398}.Debug|Any CPU.ActiveCfg = Debug|x86
		{A193CC40-9419-4423-89EB-1027C4AD0398}.Debug|ARM.ActiveCfg = Debug|ARM
		{A193CC40-9419-4423-89EB-1027C4AD0398}.Debug|ARM.Build.0 = Debug|ARM
		{A193CC40-9419-4423-89EB-1027C4AD0398}.Debug|ARM.Deploy.0 = Debug|ARM
		{A193CC40-9419-4423-89EB-1027C4AD0398}.Debug|iPhone.ActiveCfg = Debug|x86
		{A193CC40-9419-4423-89EB-1027C4AD0398}.Debug|iPhoneSimulator.ActiveCfg = Debug|x86
		{A193CC40-9419-4423-89EB-1027C4AD0398}.Debug|x64.ActiveCfg = Debug|x64
		{A193CC40-9419-4423-89EB-1027C4AD0398}.Debug|x64.Build.0 = Debug|x64
		{A193CC40-9419-4423-89EB-1027C4AD0398}.Debug|x64.Deploy.0 = Debug|x64
		{A193CC40-9419-4423-89EB-1027C4AD0398}.Debug|x86.ActiveCfg = Debug|x86
		{A193CC40-9419-4423-89EB-1027C4AD0398}.Debug|x86.Build.0 = Debug|x86
		{A193CC40-9419-4423-89EB-1027C4AD0398}.Debug|x86.Deploy.0 = Debug|x86
		{A193CC40-9419-4423-89EB-1027C4AD0398}.Release|Any CPU.ActiveCfg = Release|x86
		{A193CC40-9419-4423-89EB-1027C4AD0398}.Release|ARM.ActiveCfg = Release|ARM
		{A193CC40-9419-4423-89EB-1027C4AD0398}.Release|ARM.Build.0 = Release|ARM
		{A193CC40-9419-4423-89EB-1027C4AD0398}.Release|ARM.Deploy.0 = Release|ARM
		{A193CC40-9419-4423-89EB-1027C4AD0398}.Release|iPhone.ActiveCfg = Release|x86
		{A193CC40-9419-4423-89EB-1027C4AD0398}.Release|iPhoneSimulator.ActiveCfg = Release|x86
		{A193CC40-9419-4423-89EB-1027C4AD0398}.Release|x64.ActiveCfg = Release|x64
		{A193CC40-9419-4423-89EB-1027C4AD0398}.Release|x64.Build.0 = Release|x64
		{A193CC40-9419-4423-89EB-1027C4AD0398}.Release|x64.Deploy.0 = Release|x64
		{A193CC40-9419-4423-89EB-1027C4AD0398}.Release|x86.ActiveCfg = Release|x86
		{A193CC40-9419-4423-89EB-1027C4AD0398}.Release|x86.Build.0 = Release|x86
		{A193CC40-9419-4423-89EB-1027C4AD0398}.Release|x86.Deploy.0 = Release|x86
		{4C8914E3-4F9D-4D78-853D-A61199E445C6}.Ad-Hoc|Any CPU.ActiveCfg = Ad-Hoc|iPhone
		{4C8914E3-4F9D-4D78-853D-A61199E445C6}.Ad-Hoc|ARM.ActiveCfg = Ad-Hoc|iPhone
		{4C8914E3-4F9D-4D78-853D-A61199E445C6}.Ad-Hoc|iPhone.ActiveCfg = Ad-Hoc|iPhone
		{4C8914E3-4F9D-4D78-853D-A61199E445C6}.Ad-Hoc|iPhone.Build.0 = Ad-Hoc|iPhone
		{4C8914E3-4F9D-4D78-853D-A61199E445C6}.Ad-Hoc|iPhoneSimulator.ActiveCfg = Ad-Hoc|iPhoneSimulator
		{4C8914E3-4F9D-4D78-853D-A61199E445C6}.Ad-Hoc|iPhoneSimulator.Build.0 = Ad-Hoc|iPhoneSimulator
		{4C8914E3-4F9D-4D78-853D-A61199E445C6}.Ad-Hoc|x64.ActiveCfg = Ad-Hoc|iPhone
		{4C8914E3-4F9D-4D78-853D-A61199E445C6}.Ad-Hoc|x86.ActiveCfg = Ad-Hoc|iPhone
		{4C8914E3-4F9D-4D78-853D-A61199E445C6}.AppStore|Any CPU.ActiveCfg = AppStore|iPhone
		{4C8914E3-4F9D-4D78-853D-A61199E445C6}.AppStore|ARM.ActiveCfg = AppStore|iPhone
		{4C8914E3-4F9D-4D78-853D-A61199E445C6}.AppStore|iPhone.ActiveCfg = AppStore|iPhone
		{4C8914E3-4F9D-4D78-853D-A61199E445C6}.AppStore|iPhone.Build.0 = AppStore|iPhone
		{4C8914E3-4F9D-4D78-853D-A61199E445C6}.AppStore|iPhoneSimulator.ActiveCfg = AppStore|iPhoneSimulator
		{4C8914E3-4F9D-4D78-853D-A61199E445C6}.AppStore|iPhoneSimulator.Build.0 = AppStore|iPhoneSimulator
		{4C8914E3-4F9D-4D78-853D-A61199E445C6}.AppStore|x64.ActiveCfg = AppStore|iPhone
		{4C8914E3-4F9D-4D78-853D-A61199E445C6}.AppStore|x86.ActiveCfg = AppStore|iPhone
		{4C8914E3-4F9D-4D78-853D-A61199E445C6}.Debug|Any CPU.ActiveCfg = Debug|iPhone
		{4C8914E3-4F9D-4D78-853D-A61199E445C6}.Debug|ARM.ActiveCfg = Debug|iPhone
		{4C8914E3-4F9D-4D78-853D-A61199E445C6}.Debug|iPhone.ActiveCfg = Debug|iPhone
		{4C8914E3-4F9D-4D78-853D-A61199E445C6}.Debug|iPhone.Build.0 = Debug|iPhone
		{4C8914E3-4F9D-4D78-853D-A61199E445C6}.Debug|iPhoneSimulator.ActiveCfg = Debug|iPhoneSimulator
		{4C8914E3-4F9D-4D78-853D-A61199E445C6}.Debug|iPhoneSimulator.Build.0 = Debug|iPhoneSimulator
		{4C8914E3-4F9D-4D78-853D-A61199E445C6}.Debug|x64.ActiveCfg = Debug|iPhone
		{4C8914E3-4F9D-4D78-853D-A61199E445C6}.Debug|x86.ActiveCfg = Debug|iPhone
		{4C8914E3-4F9D-4D78-853D-A61199E445C6}.Release|Any CPU.ActiveCfg = Release|iPhone
		{4C8914E3-4F9D-4D78-853D-A61199E445C6}.Release|ARM.ActiveCfg = Release|iPhone
		{4C8914E3-4F9D-4D78-853D-A61199E445C6}.Release|iPhone.ActiveCfg = Release|iPhone
		{4C8914E3-4F9D-4D78-853D-A61199E445C6}.Release|iPhone.Build.0 = Release|iPhone
		{4C8914E3-4F9D-4D78-853D-A61199E445C6}.Release|iPhoneSimulator.ActiveCfg = Release|iPhoneSimulator
		{4C8914E3-4F9D-4D78-853D-A61199E445C6}.Release|iPhoneSimulator.Build.0 = Release|iPhoneSimulator
		{4C8914E3-4F9D-4D78-853D-A61199E445C6}.Release|x64.ActiveCfg = Release|iPhone
		{4C8914E3-4F9D-4D78-853D-A61199E445C6}.Release|x86.ActiveCfg = Release|iPhone
	EndGlobalSection
	GlobalSection(SolutionProperties) = preSolution
		HideSolutionNode = FALSE
	EndGlobalSection
	GlobalSection(ExtensibilityGlobals) = postSolution
		SolutionGuid = {009BC9DB-09A0-48E8-A888-C35EB41CD8A0}
	EndGlobalSection
EndGlobal
